
Microsoft Visual Studio Solution File, Format Version 12.00
# Visual Studio 15
VisualStudioVersion = 15.0.27428.2015
MinimumVisualStudioVersion = 10.0.40219.1
Project("{FAE04EC0-301F-11D3-BF4B-00C04F79EFBC}") = "Stocks", "Stocks\Stocks.csproj", "{8C5ADD22-4208-4A15-B0A0-57DBE5DC095A}"
EndProject
Global
	GlobalSection(SolutionConfigurationPlatforms) = preSolution
		Debug|Any CPU = Debug|Any CPU
		Release|Any CPU = Release|Any CPU
	EndGlobalSection
	GlobalSection(ProjectConfigurationPlatforms) = postSolution
		{8C5ADD22-4208-4A15-B0A0-57DBE5DC095A}.Debug|Any CPU.ActiveCfg = Debug|Any CPU
		{8C5ADD22-4208-4A15-B0A0-57DBE5DC095A}.Debug|Any CPU.Build.0 = Debug|Any CPU
		{8C5ADD22-4208-4A15-B0A0-57DBE5DC095A}.Release|Any CPU.ActiveCfg = Release|Any CPU
		{8C5ADD22-4208-4A15-B0A0-57DBE5DC095A}.Release|Any CPU.Build.0 = Release|Any CPU
	EndGlobalSection
	GlobalSection(SolutionProperties) = preSolution
		HideSolutionNode = FALSE
	EndGlobalSection
	GlobalSection(ExtensibilityGlobals) = postSolution
		SolutionGuid = {38DD7E69-8AFC-433F-8E35-BA0D5CC99A67}
	EndGlobalSection
EndGlobal
